
Microsoft Visual Studio Solution File, Format Version 12.00
# Visual Studio 15
VisualStudioVersion = 15.0.26730.16
MinimumVisualStudioVersion = 10.0.40219.1
Project("{2150E333-8FDC-42A3-9474-1A3956D46DE8}") = "UserManagement", "UserManagement", "{329A9393-CA5C-49EF-AEA0-C16986F6CD25}"
EndProject
Project("{9A19103F-16F7-4668-BE54-9A1E7A4F7556}") = "UserService", "UserManagement\UserService\UserService.csproj", "{A9ED3908-1CAF-4547-A6BE-17337F1A16E2}"
EndProject
Project("{9A19103F-16F7-4668-BE54-9A1E7A4F7556}") = "UserStorage", "UserManagement\UserStorage\UserStorage.csproj", "{2746FE1C-76DF-4970-9B38-1B206614C923}"
EndProject
Project("{9A19103F-16F7-4668-BE54-9A1E7A4F7556}") = "UserStorage.SQL", "UserManagement\UserStorage.SQL\UserStorage.SQL.csproj", "{82FCD01E-8C1E-46BE-B70D-20892C6CDA4E}"
EndProject
Project("{2150E333-8FDC-42A3-9474-1A3956D46DE8}") = "PictureManagement", "PictureManagement", "{481A9AB2-9A4D-418A-89A0-7A51C0255A34}"
EndProject
Project("{2150E333-8FDC-42A3-9474-1A3956D46DE8}") = "ProjectManagement", "ProjectManagement", "{FEAFBCB3-175B-42DE-98A3-3737130D7A9C}"
EndProject
Project("{FAE04EC0-301F-11D3-BF4B-00C04F79EFBC}") = "PictureService", "PictureManagement\PictureService\PictureService.csproj", "{1E8BC20C-6815-4B1D-B1BF-D04614C2C961}"
EndProject
Project("{FAE04EC0-301F-11D3-BF4B-00C04F79EFBC}") = "PictureStorage", "PictureManagement\PictureStorage\PictureStorage.csproj", "{C136DDC6-64D3-48DE-A7C2-949683C2CBC0}"
EndProject
Project("{FAE04EC0-301F-11D3-BF4B-00C04F79EFBC}") = "PictureStorage.SQL", "PictureManagement\PictureStorage.SQL\PictureStorage.SQL.csproj", "{96434C79-3D29-40E7-B504-C056484FF97A}"
EndProject
Project("{FAE04EC0-301F-11D3-BF4B-00C04F79EFBC}") = "SharedService", "SharedService\SharedService.csproj", "{9E33FF1F-089B-466A-9406-2EB4695BCAC9}"
EndProject
Project("{FAE04EC0-301F-11D3-BF4B-00C04F79EFBC}") = "Storage", "ProjectManagement\Storage\Storage.csproj", "{44B2D57E-17B1-46A9-BD99-7C11899403B1}"
EndProject
Project("{FAE04EC0-301F-11D3-BF4B-00C04F79EFBC}") = "FakeBus", "ProjectManagement\FakeBus\FakeBus.csproj", "{21CD0BC7-3260-45EA-B375-41FC0903F121}"
EndProject
Project("{FAE04EC0-301F-11D3-BF4B-00C04F79EFBC}") = "Edit.Project", "ProjectManagement\Edit.Project\Edit.Project.csproj", "{0464962E-89FF-4AFD-BC77-353E6FB51EA3}"
EndProject
Project("{FAE04EC0-301F-11D3-BF4B-00C04F79EFBC}") = "Project.Domain", "ProjectManagement\Project.Domain\Project.Domain.csproj", "{82B5E96A-8DBA-4A68-A1A7-2E9146B98A12}"
EndProject
Project("{FAE04EC0-301F-11D3-BF4B-00C04F79EFBC}") = "Project.Commands", "ProjectManagement\Project.Commands\Project.Commands.csproj", "{43B06A09-D92C-482D-AAF5-1EC358846582}"
EndProject
Project("{FAE04EC0-301F-11D3-BF4B-00C04F79EFBC}") = "Project.Events", "ProjectManagement\Project.Events\Project.Events.csproj", "{046722BD-FF36-492C-B517-239E3CF3E5D7}"
EndProject
Project("{FAE04EC0-301F-11D3-BF4B-00C04F79EFBC}") = "Project.Shared", "ProjectManagement\Project.Shared\Project.Shared.csproj", "{6EBFF6D7-40B5-4B59-8298-669918967316}"
EndProject
Project("{FAE04EC0-301F-11D3-BF4B-00C04F79EFBC}") = "Edit.Shared", "ProjectManagement\Edit.Shared\Edit.Shared.csproj", "{A3F99194-7C80-4164-99DC-D09353EA9AD9}"
EndProject
Global
	GlobalSection(SolutionConfigurationPlatforms) = preSolution
		Debug|Any CPU = Debug|Any CPU
		Release|Any CPU = Release|Any CPU
	EndGlobalSection
	GlobalSection(ProjectConfigurationPlatforms) = postSolution
		{A9ED3908-1CAF-4547-A6BE-17337F1A16E2}.Debug|Any CPU.ActiveCfg = Debug|Any CPU
		{A9ED3908-1CAF-4547-A6BE-17337F1A16E2}.Debug|Any CPU.Build.0 = Debug|Any CPU
		{A9ED3908-1CAF-4547-A6BE-17337F1A16E2}.Release|Any CPU.ActiveCfg = Release|Any CPU
		{A9ED3908-1CAF-4547-A6BE-17337F1A16E2}.Release|Any CPU.Build.0 = Release|Any CPU
		{2746FE1C-76DF-4970-9B38-1B206614C923}.Debug|Any CPU.ActiveCfg = Debug|Any CPU
		{2746FE1C-76DF-4970-9B38-1B206614C923}.Debug|Any CPU.Build.0 = Debug|Any CPU
		{2746FE1C-76DF-4970-9B38-1B206614C923}.Release|Any CPU.ActiveCfg = Release|Any CPU
		{2746FE1C-76DF-4970-9B38-1B206614C923}.Release|Any CPU.Build.0 = Release|Any CPU
		{82FCD01E-8C1E-46BE-B70D-20892C6CDA4E}.Debug|Any CPU.ActiveCfg = Debug|Any CPU
		{82FCD01E-8C1E-46BE-B70D-20892C6CDA4E}.Debug|Any CPU.Build.0 = Debug|Any CPU
		{82FCD01E-8C1E-46BE-B70D-20892C6CDA4E}.Release|Any CPU.ActiveCfg = Release|Any CPU
		{82FCD01E-8C1E-46BE-B70D-20892C6CDA4E}.Release|Any CPU.Build.0 = Release|Any CPU
		{1E8BC20C-6815-4B1D-B1BF-D04614C2C961}.Debug|Any CPU.ActiveCfg = Debug|Any CPU
		{1E8BC20C-6815-4B1D-B1BF-D04614C2C961}.Debug|Any CPU.Build.0 = Debug|Any CPU
		{1E8BC20C-6815-4B1D-B1BF-D04614C2C961}.Release|Any CPU.ActiveCfg = Release|Any CPU
		{1E8BC20C-6815-4B1D-B1BF-D04614C2C961}.Release|Any CPU.Build.0 = Release|Any CPU
		{C136DDC6-64D3-48DE-A7C2-949683C2CBC0}.Debug|Any CPU.ActiveCfg = Debug|Any CPU
		{C136DDC6-64D3-48DE-A7C2-949683C2CBC0}.Debug|Any CPU.Build.0 = Debug|Any CPU
		{C136DDC6-64D3-48DE-A7C2-949683C2CBC0}.Release|Any CPU.ActiveCfg = Release|Any CPU
		{C136DDC6-64D3-48DE-A7C2-949683C2CBC0}.Release|Any CPU.Build.0 = Release|Any CPU
		{96434C79-3D29-40E7-B504-C056484FF97A}.Debug|Any CPU.ActiveCfg = Debug|Any CPU
		{96434C79-3D29-40E7-B504-C056484FF97A}.Debug|Any CPU.Build.0 = Debug|Any CPU
		{96434C79-3D29-40E7-B504-C056484FF97A}.Release|Any CPU.ActiveCfg = Release|Any CPU
		{96434C79-3D29-40E7-B504-C056484FF97A}.Release|Any CPU.Build.0 = Release|Any CPU
		{9E33FF1F-089B-466A-9406-2EB4695BCAC9}.Debug|Any CPU.ActiveCfg = Debug|Any CPU
		{9E33FF1F-089B-466A-9406-2EB4695BCAC9}.Debug|Any CPU.Build.0 = Debug|Any CPU
		{9E33FF1F-089B-466A-9406-2EB4695BCAC9}.Release|Any CPU.ActiveCfg = Release|Any CPU
		{9E33FF1F-089B-466A-9406-2EB4695BCAC9}.Release|Any CPU.Build.0 = Release|Any CPU
		{44B2D57E-17B1-46A9-BD99-7C11899403B1}.Debug|Any CPU.ActiveCfg = Debug|Any CPU
		{44B2D57E-17B1-46A9-BD99-7C11899403B1}.Debug|Any CPU.Build.0 = Debug|Any CPU
		{44B2D57E-17B1-46A9-BD99-7C11899403B1}.Release|Any CPU.ActiveCfg = Release|Any CPU
		{44B2D57E-17B1-46A9-BD99-7C11899403B1}.Release|Any CPU.Build.0 = Release|Any CPU
		{21CD0BC7-3260-45EA-B375-41FC0903F121}.Debug|Any CPU.ActiveCfg = Debug|Any CPU
		{21CD0BC7-3260-45EA-B375-41FC0903F121}.Debug|Any CPU.Build.0 = Debug|Any CPU
		{21CD0BC7-3260-45EA-B375-41FC0903F121}.Release|Any CPU.ActiveCfg = Release|Any CPU
		{21CD0BC7-3260-45EA-B375-41FC0903F121}.Release|Any CPU.Build.0 = Release|Any CPU
		{0464962E-89FF-4AFD-BC77-353E6FB51EA3}.Debug|Any CPU.ActiveCfg = Debug|Any CPU
		{0464962E-89FF-4AFD-BC77-353E6FB51EA3}.Debug|Any CPU.Build.0 = Debug|Any CPU
		{0464962E-89FF-4AFD-BC77-353E6FB51EA3}.Release|Any CPU.ActiveCfg = Release|Any CPU
		{0464962E-89FF-4AFD-BC77-353E6FB51EA3}.Release|Any CPU.Build.0 = Release|Any CPU
		{82B5E96A-8DBA-4A68-A1A7-2E9146B98A12}.Debug|Any CPU.ActiveCfg = Debug|Any CPU
		{82B5E96A-8DBA-4A68-A1A7-2E9146B98A12}.Debug|Any CPU.Build.0 = Debug|Any CPU
		{82B5E96A-8DBA-4A68-A1A7-2E9146B98A12}.Release|Any CPU.ActiveCfg = Release|Any CPU
		{82B5E96A-8DBA-4A68-A1A7-2E9146B98A12}.Release|Any CPU.Build.0 = Release|Any CPU
		{43B06A09-D92C-482D-AAF5-1EC358846582}.Debug|Any CPU.ActiveCfg = Debug|Any CPU
		{43B06A09-D92C-482D-AAF5-1EC358846582}.Debug|Any CPU.Build.0 = Debug|Any CPU
		{43B06A09-D92C-482D-AAF5-1EC358846582}.Release|Any CPU.ActiveCfg = Release|Any CPU
		{43B06A09-D92C-482D-AAF5-1EC358846582}.Release|Any CPU.Build.0 = Release|Any CPU
		{046722BD-FF36-492C-B517-239E3CF3E5D7}.Debug|Any CPU.ActiveCfg = Debug|Any CPU
		{046722BD-FF36-492C-B517-239E3CF3E5D7}.Debug|Any CPU.Build.0 = Debug|Any CPU
		{046722BD-FF36-492C-B517-239E3CF3E5D7}.Release|Any CPU.ActiveCfg = Release|Any CPU
		{046722BD-FF36-492C-B517-239E3CF3E5D7}.Release|Any CPU.Build.0 = Release|Any CPU
		{6EBFF6D7-40B5-4B59-8298-669918967316}.Debug|Any CPU.ActiveCfg = Debug|Any CPU
		{6EBFF6D7-40B5-4B59-8298-669918967316}.Debug|Any CPU.Build.0 = Debug|Any CPU
		{6EBFF6D7-40B5-4B59-8298-669918967316}.Release|Any CPU.ActiveCfg = Release|Any CPU
		{6EBFF6D7-40B5-4B59-8298-669918967316}.Release|Any CPU.Build.0 = Release|Any CPU
		{A3F99194-7C80-4164-99DC-D09353EA9AD9}.Debug|Any CPU.ActiveCfg = Debug|Any CPU
		{A3F99194-7C80-4164-99DC-D09353EA9AD9}.Debug|Any CPU.Build.0 = Debug|Any CPU
		{A3F99194-7C80-4164-99DC-D09353EA9AD9}.Release|Any CPU.ActiveCfg = Release|Any CPU
		{A3F99194-7C80-4164-99DC-D09353EA9AD9}.Release|Any CPU.Build.0 = Release|Any CPU
	EndGlobalSection
	GlobalSection(SolutionProperties) = preSolution
		HideSolutionNode = FALSE
	EndGlobalSection
	GlobalSection(NestedProjects) = preSolution
		{A9ED3908-1CAF-4547-A6BE-17337F1A16E2} = {329A9393-CA5C-49EF-AEA0-C16986F6CD25}
		{2746FE1C-76DF-4970-9B38-1B206614C923} = {329A9393-CA5C-49EF-AEA0-C16986F6CD25}
		{82FCD01E-8C1E-46BE-B70D-20892C6CDA4E} = {329A9393-CA5C-49EF-AEA0-C16986F6CD25}
		{1E8BC20C-6815-4B1D-B1BF-D04614C2C961} = {481A9AB2-9A4D-418A-89A0-7A51C0255A34}
		{C136DDC6-64D3-48DE-A7C2-949683C2CBC0} = {481A9AB2-9A4D-418A-89A0-7A51C0255A34}
		{96434C79-3D29-40E7-B504-C056484FF97A} = {481A9AB2-9A4D-418A-89A0-7A51C0255A34}
		{44B2D57E-17B1-46A9-BD99-7C11899403B1} = {FEAFBCB3-175B-42DE-98A3-3737130D7A9C}
		{21CD0BC7-3260-45EA-B375-41FC0903F121} = {FEAFBCB3-175B-42DE-98A3-3737130D7A9C}
		{0464962E-89FF-4AFD-BC77-353E6FB51EA3} = {FEAFBCB3-175B-42DE-98A3-3737130D7A9C}
		{82B5E96A-8DBA-4A68-A1A7-2E9146B98A12} = {FEAFBCB3-175B-42DE-98A3-3737130D7A9C}
		{43B06A09-D92C-482D-AAF5-1EC358846582} = {FEAFBCB3-175B-42DE-98A3-3737130D7A9C}
		{046722BD-FF36-492C-B517-239E3CF3E5D7} = {FEAFBCB3-175B-42DE-98A3-3737130D7A9C}
		{6EBFF6D7-40B5-4B59-8298-669918967316} = {FEAFBCB3-175B-42DE-98A3-3737130D7A9C}
		{A3F99194-7C80-4164-99DC-D09353EA9AD9} = {FEAFBCB3-175B-42DE-98A3-3737130D7A9C}
	EndGlobalSection
	GlobalSection(ExtensibilityGlobals) = postSolution
		SolutionGuid = {2814FC13-25B4-4C23-BD50-25D3C98D245B}
	EndGlobalSection
EndGlobal
